<?xml version="1.0" encoding="utf-8"?>
<Project ToolsVersion="4.0" xmlns="http://schemas.microsoft.com/developer/msbuild/2003">
  <ItemGroup>
    <Filter Include="Views">
      <UniqueIdentifier>{d8c0a8e0-8f8a-4f8b-a8e0-8f8a4f8ba8e0}</UniqueIdentifier>
    </Filter>
    <Filter Include="ViewModels">
      <UniqueIdentifier>{e8f0a8e0-9f9a-5f9b-b9f0-9f9a5f9ba9f0}</UniqueIdentifier>
    </Filter>
    <Filter Include="Models">
      <UniqueIdentifier>{f0a0b0c0-a0b0-c0d0-e0f0-a0b0c0d0e0f0}</UniqueIdentifier>
    </Filter>
    <Filter Include="Services">
      <UniqueIdentifier>{a1b2c3d4-e5f6-7890-abcd-ef1234567891}</UniqueIdentifier>
    </Filter>
    <Filter Include="Database">
      <UniqueIdentifier>{b2c3d4e5-f6a7-8901-bcde-f12345678902}</UniqueIdentifier>
    </Filter>
    <Filter Include="Helpers">
      <UniqueIdentifier>{c3d4e5f6-a7b8-9012-cdef-12345678903}</UniqueIdentifier>
    </Filter>
    <Filter Include="Converters">
      <UniqueIdentifier>{d4e5f6a7-b8c9-0123-defa-2345678904}</UniqueIdentifier>
    </Filter>
    <Filter Include="Assets">
      <UniqueIdentifier>{e5f6a7b8-c9d0-1234-efab-345678905}</UniqueIdentifier>
    </Filter>
  </ItemGroup>
</Project>
